{
  "name": "g2-validator",
  "lockfileVersion": 3,
  "requires": true,
  "packages": {
    "": {
      "name": "g2-validator",
      "dependencies": {
        "@bsv/sdk": "2.8.11"
      }
    },
    "node_modules/@bsv/sdk": {
      "version": "2.8.11",
      "resolved": "https://registry.npmjs.org/@bsv/sdk/-/sdk-2.8.11.tgz",
      "integrity": "sha512-Kt70E52bGTCayebmKQJCmEKCFwwS1MOUJ4Q4mKLCadsktVpZMv4NoWjvEbO7VDIw3g5zo8RMJsTuRy5zFI77og==",
      "license": "SEE LICENSE IN LICENSE.txt",
      "engines": {
        "node": ">=22"
      }
    }
  }
}
